// !$*UTF8*$!
{
	archiveVersion = 1;
	classes = {
	};
	objectVersion = 55;
	objects = {

/* Begin PBXBuildFile section */
		554E531B26EFAD4300371E58 /* AppDelegate.swift in Sources */ = {isa = PBXBuildFile; fileRef = 554E531A26EFAD4300371E58 /* AppDelegate.swift */; };
		554E531D26EFAD4300371E58 /* GameScene.sks in Resources */ = {isa = PBXBuildFile; fileRef = 554E531C26EFAD4300371E58 /* GameScene.sks */; };
		554E531F26EFAD4300371E58 /* Actions.sks in Resources */ = {isa = PBXBuildFile; fileRef = 554E531E26EFAD4300371E58 /* Actions.sks */; };
		554E532126EFAD4300371E58 /* GameScene.swift in Sources */ = {isa = PBXBuildFile; fileRef = 554E532026EFAD4300371E58 /* GameScene.swift */; };
		554E532326EFAD4300371E58 /* ViewController.swift in Sources */ = {isa = PBXBuildFile; fileRef = 554E532226EFAD4300371E58 /* ViewController.swift */; };
		554E532526EFAD4400371E58 /* Assets.xcassets in Resources */ = {isa = PBXBuildFile; fileRef = 554E532426EFAD4400371E58 /* Assets.xcassets */; };
		554E532826EFAD4400371E58 /* Main.storyboard in Resources */ = {isa = PBXBuildFile; fileRef = 554E532626EFAD4400371E58 /* Main.storyboard */; };
		554E533226EFAD4400371E58 /* iVaccinationGameTests.swift in Sources */ = {isa = PBXBuildFile; fileRef = 554E533126EFAD4400371E58 /* iVaccinationGameTests.swift */; };
		554E533C26EFAD4400371E58 /* iVaccinationGameUITests.swift in Sources */ = {isa = PBXBuildFile; fileRef = 554E533B26EFAD4400371E58 /* iVaccinationGameUITests.swift */; };
		554E533E26EFAD4400371E58 /* iVaccinationGameUITestsLaunchTests.swift in Sources */ = {isa = PBXBuildFile; fileRef = 554E533D26EFAD4400371E58 /* iVaccinationGameUITestsLaunchTests.swift */; };
		554E534B26EFB34E00371E58 /* CH_first.png in Resources */ = {isa = PBXBuildFile; fileRef = 554E534A26EFB34E00371E58 /* CH_first.png */; };
		554E535226EFB60600371E58 /* Media.scnassets in Resources */ = {isa = PBXBuildFile; fileRef = 554E535126EFB60600371E58 /* Media.scnassets */; };
		554E535526EFBA5400371E58 /* AVFoundation.framework in Frameworks */ = {isa = PBXBuildFile; fileRef = 554E535426EFBA5400371E58 /* AVFoundation.framework */; };
		5552BFA726F264130034C812 /* MagicParticle.sks in Resources */ = {isa = PBXBuildFile; fileRef = 5552BFA626F264130034C812 /* MagicParticle.sks */; };
		5552BFA926F26ABE0034C812 /* TimeInterval.swift in Sources */ = {isa = PBXBuildFile; fileRef = 5552BFA826F26ABE0034C812 /* TimeInterval.swift */; };
		5552BFAB26F298F70034C812 /* Credits in Resources */ = {isa = PBXBuildFile; fileRef = 5552BFAA26F298F70034C812 /* Credits */; };
		556FBE7F26F7032B00F8081C /* AlertBox.swift in Sources */ = {isa = PBXBuildFile; fileRef = 556FBE7E26F7032B00F8081C /* AlertBox.swift */; };
		556FBE8126F77A6C00F8081C /* BasePath.swift in Sources */ = {isa = PBXBuildFile; fileRef = 556FBE8026F77A6C00F8081C /* BasePath.swift */; };
		556FBE8326F7858D00F8081C /* KeyboardHandler.swift in Sources */ = {isa = PBXBuildFile; fileRef = 556FBE8226F7858D00F8081C /* KeyboardHandler.swift */; };
		55A579B826F4D1800084239D /* Upward2Particles.sks in Resources */ = {isa = PBXBuildFile; fileRef = 55A579B726F4D1800084239D /* Upward2Particles.sks */; };
		55A579BB26F4F89D0084239D /* MedKitPickup.swift in Sources */ = {isa = PBXBuildFile; fileRef = 55A579BA26F4F89D0084239D /* MedKitPickup.swift */; };
		55A579BD26F4FD950084239D /* BasePickupNode.swift in Sources */ = {isa = PBXBuildFile; fileRef = 55A579BC26F4FD950084239D /* BasePickupNode.swift */; };
		55A579BF26F4FEFF0084239D /* SyringePickup.swift in Sources */ = {isa = PBXBuildFile; fileRef = 55A579BE26F4FEFF0084239D /* SyringePickup.swift */; };
		55A579C126F507A10084239D /* SKViewExt.swift in Sources */ = {isa = PBXBuildFile; fileRef = 55A579C026F507A10084239D /* SKViewExt.swift */; };
		55A579C326F507DF0084239D /* SKSpriteNodeExt.swift in Sources */ = {isa = PBXBuildFile; fileRef = 55A579C226F507DF0084239D /* SKSpriteNodeExt.swift */; };
		55A579C826F5C5EC0084239D /* FirstLevel.swift in Sources */ = {isa = PBXBuildFile; fileRef = 55A579C726F5C5EC0084239D /* FirstLevel.swift */; };
		55A579CA26F638610084239D /* BaseLevel.swift in Sources */ = {isa = PBXBuildFile; fileRef = 55A579C926F638610084239D /* BaseLevel.swift */; };
		55A579CC26F644080084239D /* SecondLevel.swift in Sources */ = {isa = PBXBuildFile; fileRef = 55A579CB26F644080084239D /* SecondLevel.swift */; };
		55A579CE26F646480084239D /* GameScene_ORIG.sks in Resources */ = {isa = PBXBuildFile; fileRef = 55A579CD26F646480084239D /* GameScene_ORIG.sks */; };
		55A579D026F6464F0084239D /* GameScene_TEST.sks in Resources */ = {isa = PBXBuildFile; fileRef = 55A579CF26F6464F0084239D /* GameScene_TEST.sks */; };
		55A579D326F64D1B0084239D /* CGFloatValueTransformer.swift in Sources */ = {isa = PBXBuildFile; fileRef = 55A579D226F64D1B0084239D /* CGFloatValueTransformer.swift */; };
		55B64A3126F3467200944766 /* MenuScene.sks in Resources */ = {isa = PBXBuildFile; fileRef = 55B64A3026F3467200944766 /* MenuScene.sks */; };
		55B64A3326F3474900944766 /* MenuScene.swift in Sources */ = {isa = PBXBuildFile; fileRef = 55B64A3226F3474900944766 /* MenuScene.swift */; };
		55B64A3526F3577D00944766 /* SettingsViewController.xib in Resources */ = {isa = PBXBuildFile; fileRef = 55B64A3426F3577D00944766 /* SettingsViewController.xib */; };
		55B64A3726F3579600944766 /* SettingsViewController.swift in Sources */ = {isa = PBXBuildFile; fileRef = 55B64A3626F3579600944766 /* SettingsViewController.swift */; };
		55B64A3926F35E7600944766 /* SoundManager.swift in Sources */ = {isa = PBXBuildFile; fileRef = 55B64A3826F35E7600944766 /* SoundManager.swift */; };
		55B64A3B26F3602C00944766 /* GameVars.swift in Sources */ = {isa = PBXBuildFile; fileRef = 55B64A3A26F3602C00944766 /* GameVars.swift */; };
		55B64A3D26F3716000944766 /* CustomProgressBar.swift in Sources */ = {isa = PBXBuildFile; fileRef = 55B64A3C26F3716000944766 /* CustomProgressBar.swift */; };
		55B64A4526F37FD400944766 /* AppDelegate.swift in Sources */ = {isa = PBXBuildFile; fileRef = 55B64A4426F37FD400944766 /* AppDelegate.swift */; };
		55B64A4D26F37FD400944766 /* GameViewController.swift in Sources */ = {isa = PBXBuildFile; fileRef = 55B64A4C26F37FD400944766 /* GameViewController.swift */; };
		55B64A5026F37FD400944766 /* Main.storyboard in Resources */ = {isa = PBXBuildFile; fileRef = 55B64A4E26F37FD400944766 /* Main.storyboard */; };
		55B64A5526F37FD500944766 /* LaunchScreen.storyboard in Resources */ = {isa = PBXBuildFile; fileRef = 55B64A5326F37FD500944766 /* LaunchScreen.storyboard */; };
		55B64A5F26F37FD500944766 /* iVaccinationTests.swift in Sources */ = {isa = PBXBuildFile; fileRef = 55B64A5E26F37FD500944766 /* iVaccinationTests.swift */; };
		55B64A6926F37FD500944766 /* iVaccinationUITests.swift in Sources */ = {isa = PBXBuildFile; fileRef = 55B64A6826F37FD500944766 /* iVaccinationUITests.swift */; };
		55B64A6B26F37FD500944766 /* iVaccinationUITestsLaunchTests.swift in Sources */ = {isa = PBXBuildFile; fileRef = 55B64A6A26F37FD500944766 /* iVaccinationUITestsLaunchTests.swift */; };
		55B64A7926F3831D00944766 /* UpwardParticles.sks in Resources */ = {isa = PBXBuildFile; fileRef = 55B64A7726F3831D00944766 /* UpwardParticles.sks */; };
		55B64A7D26F3A3A300944766 /* GameCenterHelper.swift in Sources */ = {isa = PBXBuildFile; fileRef = 55B64A7C26F3A3A300944766 /* GameCenterHelper.swift */; };
		55B64A7F26F3A43E00944766 /* GameCenterHelperExt.swift in Sources */ = {isa = PBXBuildFile; fileRef = 55B64A7E26F3A43E00944766 /* GameCenterHelperExt.swift */; };
		55B64A8126F3A4AC00944766 /* GameKit.framework in Frameworks */ = {isa = PBXBuildFile; fileRef = 55B64A8026F3A4AC00944766 /* GameKit.framework */; };
		55B64A8326F3AB8700944766 /* UserDefaultsHelper.swift in Sources */ = {isa = PBXBuildFile; fileRef = 55B64A8226F3AB8700944766 /* UserDefaultsHelper.swift */; };
		55B64A8526F3CEAE00944766 /* CH_first_red.png in Resources */ = {isa = PBXBuildFile; fileRef = 55B64A8426F3CEAE00944766 /* CH_first_red.png */; };
		55B64A8726F4C34000944766 /* Assets.xcassets in Resources */ = {isa = PBXBuildFile; fileRef = 554E532426EFAD4400371E58 /* Assets.xcassets */; };
		55C83EF226FB250E00F42F53 /* ThirdLevel.swift in Sources */ = {isa = PBXBuildFile; fileRef = 55C83EF126FB250E00F42F53 /* ThirdLevel.swift */; };
		55C83EF426FB91A900F42F53 /* GameScene_THIRD.sks in Resources */ = {isa = PBXBuildFile; fileRef = 55C83EF326FB91A900F42F53 /* GameScene_THIRD.sks */; };
		55C83EF626FB942200F42F53 /* MeadowLeftActions.sks in Resources */ = {isa = PBXBuildFile; fileRef = 55C83EF526FB942200F42F53 /* MeadowLeftActions.sks */; };
		55C83EF826FB9B4600F42F53 /* GameScene_THIRD_alz.sks in Resources */ = {isa = PBXBuildFile; fileRef = 55C83EF726FB9B4600F42F53 /* GameScene_THIRD_alz.sks */; };
		55C83EFA26FB9CF600F42F53 /* MeadowRightActions.sks in Resources */ = {isa = PBXBuildFile; fileRef = 55C83EF926FB9CF600F42F53 /* MeadowRightActions.sks */; };
		55C83EFC26FBB12400F42F53 /* ZombieGirl.swift in Sources */ = {isa = PBXBuildFile; fileRef = 55C83EFB26FBB12400F42F53 /* ZombieGirl.swift */; };
		55C83F0026FC666500F42F53 /* MeadowRightActions.sks in Resources */ = {isa = PBXBuildFile; fileRef = 55C83EF926FB9CF600F42F53 /* MeadowRightActions.sks */; };
		55C83F0126FC666500F42F53 /* GameScene_TEST.sks in Resources */ = {isa = PBXBuildFile; fileRef = 55A579CF26F6464F0084239D /* GameScene_TEST.sks */; };
		55C83F0226FC666500F42F53 /* MenuScene.sks in Resources */ = {isa = PBXBuildFile; fileRef = 55B64A3026F3467200944766 /* MenuScene.sks */; };
		55C83F0326FC666500F42F53 /* GameScene_THIRD_alz.sks in Resources */ = {isa = PBXBuildFile; fileRef = 55C83EF726FB9B4600F42F53 /* GameScene_THIRD_alz.sks */; };
		55C83F0426FC666500F42F53 /* GameScene_ORIG.sks in Resources */ = {isa = PBXBuildFile; fileRef = 55A579CD26F646480084239D /* GameScene_ORIG.sks */; };
		55C83F0526FC666500F42F53 /* Actions.sks in Resources */ = {isa = PBXBuildFile; fileRef = 554E531E26EFAD4300371E58 /* Actions.sks */; };
		55C83F0626FC666500F42F53 /* MeadowLeftActions.sks in Resources */ = {isa = PBXBuildFile; fileRef = 55C83EF526FB942200F42F53 /* MeadowLeftActions.sks */; };
		55C83F0726FC666500F42F53 /* GameScene.sks in Resources */ = {isa = PBXBuildFile; fileRef = 554E531C26EFAD4300371E58 /* GameScene.sks */; };
		55C83F0826FC666500F42F53 /* GameScene_THIRD.sks in Resources */ = {isa = PBXBuildFile; fileRef = 55C83EF326FB91A900F42F53 /* GameScene_THIRD.sks */; };
		55C83F0B26FC673000F42F53 /* MagicParticle.sks in Resources */ = {isa = PBXBuildFile; fileRef = 5552BFA626F264130034C812 /* MagicParticle.sks */; };
		55C83F0C26FC673000F42F53 /* Upward2Particles.sks in Resources */ = {isa = PBXBuildFile; fileRef = 55A579B726F4D1800084239D /* Upward2Particles.sks */; };
		55C83F0D26FC673000F42F53 /* UpwardParticles.sks in Resources */ = {isa = PBXBuildFile; fileRef = 55B64A7726F3831D00944766 /* UpwardParticles.sks */; };
		55C83F1026FC673D00F42F53 /* ThirdLevel.swift in Sources */ = {isa = PBXBuildFile; fileRef = 55C83EF126FB250E00F42F53 /* ThirdLevel.swift */; };
		55C83F1126FC673D00F42F53 /* SecondLevel.swift in Sources */ = {isa = PBXBuildFile; fileRef = 55A579CB26F644080084239D /* SecondLevel.swift */; };
		55C83F1226FC673D00F42F53 /* BaseLevel.swift in Sources */ = {isa = PBXBuildFile; fileRef = 55A579C926F638610084239D /* BaseLevel.swift */; };
		55C83F1326FC673D00F42F53 /* FirstLevel.swift in Sources */ = {isa = PBXBuildFile; fileRef = 55A579C726F5C5EC0084239D /* FirstLevel.swift */; };
		55C83F1426FC673D00F42F53 /* BasePath.swift in Sources */ = {isa = PBXBuildFile; fileRef = 556FBE8026F77A6C00F8081C /* BasePath.swift */; };
		55C83F1A26FC675100F42F53 /* UserDefaultsHelper.swift in Sources */ = {isa = PBXBuildFile; fileRef = 55B64A8226F3AB8700944766 /* UserDefaultsHelper.swift */; };
		55C83F1D26FC675500F42F53 /* SKSpriteNodeExt.swift in Sources */ = {isa = PBXBuildFile; fileRef = 55A579C226F507DF0084239D /* SKSpriteNodeExt.swift */; };
		55C83F1E26FC675500F42F53 /* TimeInterval.swift in Sources */ = {isa = PBXBuildFile; fileRef = 5552BFA826F26ABE0034C812 /* TimeInterval.swift */; };
		55C83F2026FC680C00F42F53 /* GameScene.swift in Sources */ = {isa = PBXBuildFile; fileRef = 55C83F1F26FC680C00F42F53 /* GameScene.swift */; };
		55C83F2126FC689A00F42F53 /* ZombieGirl.swift in Sources */ = {isa = PBXBuildFile; fileRef = 55C83EFB26FBB12400F42F53 /* ZombieGirl.swift */; };
		55C83F2226FC6A0400F42F53 /* GameVars.swift in Sources */ = {isa = PBXBuildFile; fileRef = 55B64A3A26F3602C00944766 /* GameVars.swift */; };
		55C83F2426FC6B2500F42F53 /* MedKitPickup.swift in Sources */ = {isa = PBXBuildFile; fileRef = 55A579BA26F4F89D0084239D /* MedKitPickup.swift */; };
		55C83F2526FC6B2800F42F53 /* BasePickupNode.swift in Sources */ = {isa = PBXBuildFile; fileRef = 55A579BC26F4FD950084239D /* BasePickupNode.swift */; };
		55C83F2626FC6B2A00F42F53 /* SyringePickup.swift in Sources */ = {isa = PBXBuildFile; fileRef = 55A579BE26F4FEFF0084239D /* SyringePickup.swift */; };
		55C83F2726FC6BB500F42F53 /* CustomProgressBar.swift in Sources */ = {isa = PBXBuildFile; fileRef = 55B64A3C26F3716000944766 /* CustomProgressBar.swift */; };
		55C83F2826FC712000F42F53 /* SoundManager.swift in Sources */ = {isa = PBXBuildFile; fileRef = 55B64A3826F35E7600944766 /* SoundManager.swift */; };
		55C83F2926FC719300F42F53 /* Media.scnassets in Resources */ = {isa = PBXBuildFile; fileRef = 554E535126EFB60600371E58 /* Media.scnassets */; };
		55C83F2B26FC75E600F42F53 /* GameSceneBase.swift in Sources */ = {isa = PBXBuildFile; fileRef = 55C83F2A26FC75E600F42F53 /* GameSceneBase.swift */; };
		55C83F2C26FC75E600F42F53 /* GameSceneBase.swift in Sources */ = {isa = PBXBuildFile; fileRef = 55C83F2A26FC75E600F42F53 /* GameSceneBase.swift */; };
		55C83F2D26FC819E00F42F53 /* GameCenterHelper.swift in Sources */ = {isa = PBXBuildFile; fileRef = 55B64A7C26F3A3A300944766 /* GameCenterHelper.swift */; };
		55C83F2E26FC819E00F42F53 /* GameCenterHelperExt.swift in Sources */ = {isa = PBXBuildFile; fileRef = 55B64A7E26F3A43E00944766 /* GameCenterHelperExt.swift */; };
		55C83F3026FC984E00F42F53 /* GameKit.framework in Frameworks */ = {isa = PBXBuildFile; fileRef = 55C83F2F26FC984E00F42F53 /* GameKit.framework */; };
/* End PBXBuildFile section */

/* Begin PBXContainerItemProxy section */
		554E532E26EFAD4400371E58 /* PBXContainerItemProxy */ = {
			isa = PBXContainerItemProxy;
			containerPortal = 554E530F26EFAD4300371E58 /* Project object */;
			proxyType = 1;
			remoteGlobalIDString = 554E531626EFAD4300371E58;
			remoteInfo = iVaccinationGame;
		};
		554E533826EFAD4400371E58 /* PBXContainerItemProxy */ = {
			isa = PBXContainerItemProxy;
			containerPortal = 554E530F26EFAD4300371E58 /* Project object */;
			proxyType = 1;
			remoteGlobalIDString = 554E531626EFAD4300371E58;
			remoteInfo = iVaccinationGame;
		};
		55B64A5B26F37FD500944766 /* PBXContainerItemProxy */ = {
			isa = PBXContainerItemProxy;
			containerPortal = 554E530F26EFAD4300371E58 /* Project object */;
			proxyType = 1;
			remoteGlobalIDString = 55B64A4126F37FD300944766;
			remoteInfo = iVaccination;
		};
		55B64A6526F37FD500944766 /* PBXContainerItemProxy */ = {
			isa = PBXContainerItemProxy;
			containerPortal = 554E530F26EFAD4300371E58 /* Project object */;
			proxyType = 1;
			remoteGlobalIDString = 55B64A4126F37FD300944766;
			remoteInfo = iVaccination;
		};
/* End PBXContainerItemProxy section */

/* Begin PBXFileReference section */
		554E531726EFAD4300371E58 /* iVaccinationGame.app */ = {isa = PBXFileReference; explicitFileType = wrapper.application; includeInIndex = 0; path = iVaccinationGame.app; sourceTree = BUILT_PRODUCTS_DIR; };
		554E531A26EFAD4300371E58 /* AppDelegate.swift */ = {isa = PBXFileReference; lastKnownFileType = sourcecode.swift; path = AppDelegate.swift; sourceTree = "<group>"; };
		554E531C26EFAD4300371E58 /* GameScene.sks */ = {isa = PBXFileReference; lastKnownFileType = file.sks; path = GameScene.sks; sourceTree = "<group>"; };
		554E531E26EFAD4300371E58 /* Actions.sks */ = {isa = PBXFileReference; lastKnownFileType = file.sks; path = Actions.sks; sourceTree = "<group>"; };
		554E532026EFAD4300371E58 /* GameScene.swift */ = {isa = PBXFileReference; lastKnownFileType = sourcecode.swift; path = GameScene.swift; sourceTree = "<group>"; };
		554E532226EFAD4300371E58 /* ViewController.swift */ = {isa = PBXFileReference; lastKnownFileType = sourcecode.swift; path = ViewController.swift; sourceTree = "<group>"; };
		554E532426EFAD4400371E58 /* Assets.xcassets */ = {isa = PBXFileReference; lastKnownFileType = folder.assetcatalog; path = Assets.xcassets; sourceTree = "<group>"; };
		554E532726EFAD4400371E58 /* Base */ = {isa = PBXFileReference; lastKnownFileType = file.storyboard; name = Base; path = Base.lproj/Main.storyboard; sourceTree = "<group>"; };
		554E532D26EFAD4400371E58 /* iVaccinationGameTests.xctest */ = {isa = PBXFileReference; explicitFileType = wrapper.cfbundle; includeInIndex = 0; path = iVaccinationGameTests.xctest; sourceTree = BUILT_PRODUCTS_DIR; };
		554E533126EFAD4400371E58 /* iVaccinationGameTests.swift */ = {isa = PBXFileReference; lastKnownFileType = sourcecode.swift; path = iVaccinationGameTests.swift; sourceTree = "<group>"; };
		554E533726EFAD4400371E58 /* iVaccinationGameUITests.xctest */ = {isa = PBXFileReference; explicitFileType = wrapper.cfbundle; includeInIndex = 0; path = iVaccinationGameUITests.xctest; sourceTree = BUILT_PRODUCTS_DIR; };
		554E533B26EFAD4400371E58 /* iVaccinationGameUITests.swift */ = {isa = PBXFileReference; lastKnownFileType = sourcecode.swift; path = iVaccinationGameUITests.swift; sourceTree = "<group>"; };
		554E533D26EFAD4400371E58 /* iVaccinationGameUITestsLaunchTests.swift */ = {isa = PBXFileReference; lastKnownFileType = sourcecode.swift; path = iVaccinationGameUITestsLaunchTests.swift; sourceTree = "<group>"; };
		554E534A26EFB34E00371E58 /* CH_first.png */ = {isa = PBXFileReference; lastKnownFileType = image.png; path = CH_first.png; sourceTree = "<group>"; };
		554E535126EFB60600371E58 /* Media.scnassets */ = {isa = PBXFileReference; lastKnownFileType = wrapper.scnassets; path = Media.scnassets; sourceTree = "<group>"; };
		554E535426EFBA5400371E58 /* AVFoundation.framework */ = {isa = PBXFileReference; lastKnownFileType = wrapper.framework; name = AVFoundation.framework; path = System/Library/Frameworks/AVFoundation.framework; sourceTree = SDKROOT; };
		5552BFA626F264130034C812 /* MagicParticle.sks */ = {isa = PBXFileReference; lastKnownFileType = file.sks; path = MagicParticle.sks; sourceTree = "<group>"; };
		5552BFA826F26ABE0034C812 /* TimeInterval.swift */ = {isa = PBXFileReference; fileEncoding = 4; lastKnownFileType = sourcecode.swift; path = TimeInterval.swift; sourceTree = "<group>"; };
		5552BFAA26F298F70034C812 /* Credits */ = {isa = PBXFileReference; lastKnownFileType = text; path = Credits; sourceTree = "<group>"; };
		556FBE7E26F7032B00F8081C /* AlertBox.swift */ = {isa = PBXFileReference; lastKnownFileType = sourcecode.swift; path = AlertBox.swift; sourceTree = "<group>"; };
		556FBE8026F77A6C00F8081C /* BasePath.swift */ = {isa = PBXFileReference; lastKnownFileType = sourcecode.swift; path = BasePath.swift; sourceTree = "<group>"; };
		556FBE8226F7858D00F8081C /* KeyboardHandler.swift */ = {isa = PBXFileReference; lastKnownFileType = sourcecode.swift; path = KeyboardHandler.swift; sourceTree = "<group>"; };
		55A579B726F4D1800084239D /* Upward2Particles.sks */ = {isa = PBXFileReference; lastKnownFileType = file.sks; path = Upward2Particles.sks; sourceTree = "<group>"; };
		55A579BA26F4F89D0084239D /* MedKitPickup.swift */ = {isa = PBXFileReference; lastKnownFileType = sourcecode.swift; path = MedKitPickup.swift; sourceTree = "<group>"; };
		55A579BC26F4FD950084239D /* BasePickupNode.swift */ = {isa = PBXFileReference; lastKnownFileType = sourcecode.swift; path = BasePickupNode.swift; sourceTree = "<group>"; };
		55A579BE26F4FEFF0084239D /* SyringePickup.swift */ = {isa = PBXFileReference; lastKnownFileType = sourcecode.swift; path = SyringePickup.swift; sourceTree = "<group>"; };
		55A579C026F507A10084239D /* SKViewExt.swift */ = {isa = PBXFileReference; lastKnownFileType = sourcecode.swift; path = SKViewExt.swift; sourceTree = "<group>"; };
		55A579C226F507DF0084239D /* SKSpriteNodeExt.swift */ = {isa = PBXFileReference; lastKnownFileType = sourcecode.swift; path = SKSpriteNodeExt.swift; sourceTree = "<group>"; };
		55A579C726F5C5EC0084239D /* FirstLevel.swift */ = {isa = PBXFileReference; lastKnownFileType = sourcecode.swift; path = FirstLevel.swift; sourceTree = "<group>"; };
		55A579C926F638610084239D /* BaseLevel.swift */ = {isa = PBXFileReference; lastKnownFileType = sourcecode.swift; path = BaseLevel.swift; sourceTree = "<group>"; };
		55A579CB26F644080084239D /* SecondLevel.swift */ = {isa = PBXFileReference; fileEncoding = 4; lastKnownFileType = sourcecode.swift; path = SecondLevel.swift; sourceTree = "<group>"; };
		55A579CD26F646480084239D /* GameScene_ORIG.sks */ = {isa = PBXFileReference; lastKnownFileType = file.sks; path = GameScene_ORIG.sks; sourceTree = "<group>"; };
		55A579CF26F6464F0084239D /* GameScene_TEST.sks */ = {isa = PBXFileReference; lastKnownFileType = file.sks; path = GameScene_TEST.sks; sourceTree = "<group>"; };
		55A579D226F64D1B0084239D /* CGFloatValueTransformer.swift */ = {isa = PBXFileReference; lastKnownFileType = sourcecode.swift; path = CGFloatValueTransformer.swift; sourceTree = "<group>"; };
		55B64A3026F3467200944766 /* MenuScene.sks */ = {isa = PBXFileReference; lastKnownFileType = file.sks; path = MenuScene.sks; sourceTree = "<group>"; };
		55B64A3226F3474900944766 /* MenuScene.swift */ = {isa = PBXFileReference; lastKnownFileType = sourcecode.swift; path = MenuScene.swift; sourceTree = "<group>"; };
		55B64A3426F3577D00944766 /* SettingsViewController.xib */ = {isa = PBXFileReference; lastKnownFileType = file.xib; path = SettingsViewController.xib; sourceTree = "<group>"; };
		55B64A3626F3579600944766 /* SettingsViewController.swift */ = {isa = PBXFileReference; lastKnownFileType = sourcecode.swift; path = SettingsViewController.swift; sourceTree = "<group>"; };
		55B64A3826F35E7600944766 /* SoundManager.swift */ = {isa = PBXFileReference; lastKnownFileType = sourcecode.swift; path = SoundManager.swift; sourceTree = "<group>"; };
		55B64A3A26F3602C00944766 /* GameVars.swift */ = {isa = PBXFileReference; lastKnownFileType = sourcecode.swift; path = GameVars.swift; sourceTree = "<group>"; };
		55B64A3C26F3716000944766 /* CustomProgressBar.swift */ = {isa = PBXFileReference; lastKnownFileType = sourcecode.swift; path = CustomProgressBar.swift; sourceTree = "<group>"; };
		55B64A4226F37FD300944766 /* iVaccinationGame.app */ = {isa = PBXFileReference; explicitFileType = wrapper.application; includeInIndex = 0; path = iVaccinationGame.app; sourceTree = BUILT_PRODUCTS_DIR; };
		55B64A4426F37FD400944766 /* AppDelegate.swift */ = {isa = PBXFileReference; lastKnownFileType = sourcecode.swift; path = AppDelegate.swift; sourceTree = "<group>"; };
		55B64A4C26F37FD400944766 /* GameViewController.swift */ = {isa = PBXFileReference; lastKnownFileType = sourcecode.swift; path = GameViewController.swift; sourceTree = "<group>"; };
		55B64A4F26F37FD400944766 /* Base */ = {isa = PBXFileReference; lastKnownFileType = file.storyboard; name = Base; path = Base.lproj/Main.storyboard; sourceTree = "<group>"; };
		55B64A5126F37FD500944766 /* Assets.xcassets */ = {isa = PBXFileReference; lastKnownFileType = folder.assetcatalog; path = Assets.xcassets; sourceTree = "<group>"; };
		55B64A5426F37FD500944766 /* Base */ = {isa = PBXFileReference; lastKnownFileType = file.storyboard; name = Base; path = Base.lproj/LaunchScreen.storyboard; sourceTree = "<group>"; };
		55B64A5A26F37FD500944766 /* iVaccinationTests.xctest */ = {isa = PBXFileReference; explicitFileType = wrapper.cfbundle; includeInIndex = 0; path = iVaccinationTests.xctest; sourceTree = BUILT_PRODUCTS_DIR; };
		55B64A5E26F37FD500944766 /* iVaccinationTests.swift */ = {isa = PBXFileReference; lastKnownFileType = sourcecode.swift; path = iVaccinationTests.swift; sourceTree = "<group>"; };
		55B64A6426F37FD500944766 /* iVaccinationUITests.xctest */ = {isa = PBXFileReference; explicitFileType = wrapper.cfbundle; includeInIndex = 0; path = iVaccinationUITests.xctest; sourceTree = BUILT_PRODUCTS_DIR; };
		55B64A6826F37FD500944766 /* iVaccinationUITests.swift */ = {isa = PBXFileReference; lastKnownFileType = sourcecode.swift; path = iVaccinationUITests.swift; sourceTree = "<group>"; };
		55B64A6A26F37FD500944766 /* iVaccinationUITestsLaunchTests.swift */ = {isa = PBXFileReference; lastKnownFileType = sourcecode.swift; path = iVaccinationUITestsLaunchTests.swift; sourceTree = "<group>"; };
		55B64A7726F3831D00944766 /* UpwardParticles.sks */ = {isa = PBXFileReference; lastKnownFileType = file.sks; path = UpwardParticles.sks; sourceTree = "<group>"; };
		55B64A7C26F3A3A300944766 /* GameCenterHelper.swift */ = {isa = PBXFileReference; fileEncoding = 4; lastKnownFileType = sourcecode.swift; path = GameCenterHelper.swift; sourceTree = "<group>"; };
		55B64A7E26F3A43E00944766 /* GameCenterHelperExt.swift */ = {isa = PBXFileReference; fileEncoding = 4; lastKnownFileType = sourcecode.swift; path = GameCenterHelperExt.swift; sourceTree = "<group>"; };
		55B64A8026F3A4AC00944766 /* GameKit.framework */ = {isa = PBXFileReference; lastKnownFileType = wrapper.framework; name = GameKit.framework; path = System/Library/Frameworks/GameKit.framework; sourceTree = SDKROOT; };
		55B64A8226F3AB8700944766 /* UserDefaultsHelper.swift */ = {isa = PBXFileReference; lastKnownFileType = sourcecode.swift; path = UserDefaultsHelper.swift; sourceTree = "<group>"; };
		55B64A8426F3CEAE00944766 /* CH_first_red.png */ = {isa = PBXFileReference; lastKnownFileType = image.png; path = CH_first_red.png; sourceTree = "<group>"; };
		55C83EF126FB250E00F42F53 /* ThirdLevel.swift */ = {isa = PBXFileReference; fileEncoding = 4; lastKnownFileType = sourcecode.swift; path = ThirdLevel.swift; sourceTree = "<group>"; };
		55C83EF326FB91A900F42F53 /* GameScene_THIRD.sks */ = {isa = PBXFileReference; lastKnownFileType = file.sks; path = GameScene_THIRD.sks; sourceTree = "<group>"; };
		55C83EF526FB942200F42F53 /* MeadowLeftActions.sks */ = {isa = PBXFileReference; lastKnownFileType = file.sks; path = MeadowLeftActions.sks; sourceTree = "<group>"; };
		55C83EF726FB9B4600F42F53 /* GameScene_THIRD_alz.sks */ = {isa = PBXFileReference; lastKnownFileType = file.sks; path = GameScene_THIRD_alz.sks; sourceTree = "<group>"; };
		55C83EF926FB9CF600F42F53 /* MeadowRightActions.sks */ = {isa = PBXFileReference; lastKnownFileType = file.sks; path = MeadowRightActions.sks; sourceTree = "<group>"; };
		55C83EFB26FBB12400F42F53 /* ZombieGirl.swift */ = {isa = PBXFileReference; lastKnownFileType = sourcecode.swift; path = ZombieGirl.swift; sourceTree = "<group>"; };
		55C83F1F26FC680C00F42F53 /* GameScene.swift */ = {isa = PBXFileReference; fileEncoding = 4; lastKnownFileType = sourcecode.swift; path = GameScene.swift; sourceTree = "<group>"; };
		55C83F2A26FC75E600F42F53 /* GameSceneBase.swift */ = {isa = PBXFileReference; fileEncoding = 4; lastKnownFileType = sourcecode.swift; name = GameSceneBase.swift; path = Shared/iVaccinationGame/SpriteKit/Base/GameSceneBase.swift; sourceTree = SOURCE_ROOT; };
		55C83F2F26FC984E00F42F53 /* GameKit.framework */ = {isa = PBXFileReference; lastKnownFileType = wrapper.framework; name = GameKit.framework; path = Platforms/iPhoneOS.platform/Developer/SDKs/iPhoneOS15.0.sdk/System/Library/Frameworks/GameKit.framework; sourceTree = DEVELOPER_DIR; };
/* End PBXFileReference section */

/* Begin PBXFrameworksBuildPhase section */
		554E531426EFAD4300371E58 /* Frameworks */ = {
			isa = PBXFrameworksBuildPhase;
			buildActionMask = 2147483647;
			files = (
				554E535526EFBA5400371E58 /* AVFoundation.framework in Frameworks */,
				55B64A8126F3A4AC00944766 /* GameKit.framework in Frameworks */,
			);
			runOnlyForDeploymentPostprocessing = 0;
		};
		554E532A26EFAD4400371E58 /* Frameworks */ = {
			isa = PBXFrameworksBuildPhase;
			buildActionMask = 2147483647;
			files = (
			);
			runOnlyForDeploymentPostprocessing = 0;
		};
		554E533426EFAD4400371E58 /* Frameworks */ = {
			isa = PBXFrameworksBuildPhase;
			buildActionMask = 2147483647;
			files = (
			);
			runOnlyForDeploymentPostprocessing = 0;
		};
		55B64A3F26F37FD300944766 /* Frameworks */ = {
			isa = PBXFrameworksBuildPhase;
			buildActionMask = 2147483647;
			files = (
				55C83F3026FC984E00F42F53 /* GameKit.framework in Frameworks */,
			);
			runOnlyForDeploymentPostprocessing = 0;
		};
		55B64A5726F37FD500944766 /* Frameworks */ = {
			isa = PBXFrameworksBuildPhase;
			buildActionMask = 2147483647;
			files = (
			);
			runOnlyForDeploymentPostprocessing = 0;
		};
		55B64A6126F37FD500944766 /* Frameworks */ = {
			isa = PBXFrameworksBuildPhase;
			buildActionMask = 2147483647;
			files = (
			);
			runOnlyForDeploymentPostprocessing = 0;
		};
/* End PBXFrameworksBuildPhase section */

/* Begin PBXGroup section */
		554E530E26EFAD4300371E58 = {
			isa = PBXGroup;
			children = (
				55B64A8626F4C32B00944766 /* Shared */,
				55B64A7526F3802F00944766 /* macOS */,
				55B64A7626F3804400944766 /* iOS */,
				554E531826EFAD4300371E58 /* Products */,
				554E535326EFBA5400371E58 /* Frameworks */,
			);
			sourceTree = "<group>";
		};
		554E531826EFAD4300371E58 /* Products */ = {
			isa = PBXGroup;
			children = (
				554E531726EFAD4300371E58 /* iVaccinationGame.app */,
				554E532D26EFAD4400371E58 /* iVaccinationGameTests.xctest */,
				554E533726EFAD4400371E58 /* iVaccinationGameUITests.xctest */,
				55B64A4226F37FD300944766 /* iVaccinationGame.app */,
				55B64A5A26F37FD500944766 /* iVaccinationTests.xctest */,
				55B64A6426F37FD500944766 /* iVaccinationUITests.xctest */,
			);
			name = Products;
			sourceTree = "<group>";
		};
		554E531926EFAD4300371E58 /* iVaccinationGame */ = {
			isa = PBXGroup;
			children = (
				55A579C526F50F110084239D /* SpriteKit */,
				55B64A2D26F3461200944766 /* Libs */,
				554E534A26EFB34E00371E58 /* CH_first.png */,
				55B64A8426F3CEAE00944766 /* CH_first_red.png */,
				554E531A26EFAD4300371E58 /* AppDelegate.swift */,
				55B64A3226F3474900944766 /* MenuScene.swift */,
				554E532226EFAD4300371E58 /* ViewController.swift */,
				554E532426EFAD4400371E58 /* Assets.xcassets */,
				554E532626EFAD4400371E58 /* Main.storyboard */,
				554E535126EFB60600371E58 /* Media.scnassets */,
				5552BFAA26F298F70034C812 /* Credits */,
				55B64A3426F3577D00944766 /* SettingsViewController.xib */,
				55B64A3626F3579600944766 /* SettingsViewController.swift */,
			);
			path = iVaccinationGame;
			sourceTree = "<group>";
		};
		554E533026EFAD4400371E58 /* iVaccinationGameTests */ = {
			isa = PBXGroup;
			children = (
				554E533126EFAD4400371E58 /* iVaccinationGameTests.swift */,
			);
			path = iVaccinationGameTests;
			sourceTree = "<group>";
		};
		554E533A26EFAD4400371E58 /* iVaccinationGameUITests */ = {
			isa = PBXGroup;
			children = (
				554E533B26EFAD4400371E58 /* iVaccinationGameUITests.swift */,
				554E533D26EFAD4400371E58 /* iVaccinationGameUITestsLaunchTests.swift */,
			);
			path = iVaccinationGameUITests;
			sourceTree = "<group>";
		};
		554E535326EFBA5400371E58 /* Frameworks */ = {
			isa = PBXGroup;
			children = (
				55C83F2F26FC984E00F42F53 /* GameKit.framework */,
				55B64A8026F3A4AC00944766 /* GameKit.framework */,
				554E535426EFBA5400371E58 /* AVFoundation.framework */,
			);
			name = Frameworks;
			sourceTree = "<group>";
		};
		55A579B926F4F8810084239D /* Nodes */ = {
			isa = PBXGroup;
			children = (
				55A579BC26F4FD950084239D /* BasePickupNode.swift */,
				55A579BA26F4F89D0084239D /* MedKitPickup.swift */,
				55A579BE26F4FEFF0084239D /* SyringePickup.swift */,
				55C83EFB26FBB12400F42F53 /* ZombieGirl.swift */,
			);
			path = Nodes;
			sourceTree = "<group>";
		};
		55A579C426F50A590084239D /* Extensions */ = {
			isa = PBXGroup;
			children = (
				5552BFA826F26ABE0034C812 /* TimeInterval.swift */,
				55A579C026F507A10084239D /* SKViewExt.swift */,
				55A579C226F507DF0084239D /* SKSpriteNodeExt.swift */,
			);
			path = Extensions;
			sourceTree = "<group>";
		};
		55A579C526F50F110084239D /* SpriteKit */ = {
			isa = PBXGroup;
			children = (
				554E532026EFAD4300371E58 /* GameScene.swift */,
			);
			path = SpriteKit;
			sourceTree = "<group>";
		};
		55A579C626F50F200084239D /* Levels */ = {
			isa = PBXGroup;
			children = (
				55C83EF126FB250E00F42F53 /* ThirdLevel.swift */,
				55A579C726F5C5EC0084239D /* FirstLevel.swift */,
				55A579CB26F644080084239D /* SecondLevel.swift */,
				55A579C926F638610084239D /* BaseLevel.swift */,
				556FBE8026F77A6C00F8081C /* BasePath.swift */,
			);
			path = Levels;
			sourceTree = "<group>";
		};
		55A579D126F64CFA0084239D /* UserDefaults */ = {
			isa = PBXGroup;
			children = (
				55B64A8226F3AB8700944766 /* UserDefaultsHelper.swift */,
				55A579D226F64D1B0084239D /* CGFloatValueTransformer.swift */,
			);
			path = UserDefaults;
			sourceTree = "<group>";
		};
		55B64A2D26F3461200944766 /* Libs */ = {
			isa = PBXGroup;
			children = (
				55A579D126F64CFA0084239D /* UserDefaults */,
				55A579C426F50A590084239D /* Extensions */,
				55B64A3826F35E7600944766 /* SoundManager.swift */,
				55B64A3C26F3716000944766 /* CustomProgressBar.swift */,
				556FBE7E26F7032B00F8081C /* AlertBox.swift */,
				556FBE8226F7858D00F8081C /* KeyboardHandler.swift */,
			);
			path = Libs;
			sourceTree = "<group>";
		};
		55B64A2E26F3462E00944766 /* Scenes */ = {
			isa = PBXGroup;
			children = (
				55C83EF926FB9CF600F42F53 /* MeadowRightActions.sks */,
				55C83EF526FB942200F42F53 /* MeadowLeftActions.sks */,
				554E531C26EFAD4300371E58 /* GameScene.sks */,
				55C83EF326FB91A900F42F53 /* GameScene_THIRD.sks */,
				55C83EF726FB9B4600F42F53 /* GameScene_THIRD_alz.sks */,
				55A579CD26F646480084239D /* GameScene_ORIG.sks */,
				55A579CF26F6464F0084239D /* GameScene_TEST.sks */,
				554E531E26EFAD4300371E58 /* Actions.sks */,
				55B64A3026F3467200944766 /* MenuScene.sks */,
			);
			path = Scenes;
			sourceTree = "<group>";
		};
		55B64A2F26F3463F00944766 /* Particles */ = {
			isa = PBXGroup;
			children = (
				55A579B726F4D1800084239D /* Upward2Particles.sks */,
				5552BFA626F264130034C812 /* MagicParticle.sks */,
				55B64A7726F3831D00944766 /* UpwardParticles.sks */,
			);
			path = Particles;
			sourceTree = "<group>";
		};
		55B64A4326F37FD300944766 /* iVaccination */ = {
			isa = PBXGroup;
			children = (
				55C83F1F26FC680C00F42F53 /* GameScene.swift */,
				55B64A4426F37FD400944766 /* AppDelegate.swift */,
				55B64A4C26F37FD400944766 /* GameViewController.swift */,
				55B64A4E26F37FD400944766 /* Main.storyboard */,
				55B64A5126F37FD500944766 /* Assets.xcassets */,
				55B64A5326F37FD500944766 /* LaunchScreen.storyboard */,
			);
			path = iVaccination;
			sourceTree = "<group>";
		};
		55B64A5D26F37FD500944766 /* iVaccinationTests */ = {
			isa = PBXGroup;
			children = (
				55B64A5E26F37FD500944766 /* iVaccinationTests.swift */,
			);
			path = iVaccinationTests;
			sourceTree = "<group>";
		};
		55B64A6726F37FD500944766 /* iVaccinationUITests */ = {
			isa = PBXGroup;
			children = (
				55B64A6826F37FD500944766 /* iVaccinationUITests.swift */,
				55B64A6A26F37FD500944766 /* iVaccinationUITestsLaunchTests.swift */,
			);
			path = iVaccinationUITests;
			sourceTree = "<group>";
		};
		55B64A7526F3802F00944766 /* macOS */ = {
			isa = PBXGroup;
			children = (
				554E531926EFAD4300371E58 /* iVaccinationGame */,
				554E533026EFAD4400371E58 /* iVaccinationGameTests */,
				554E533A26EFAD4400371E58 /* iVaccinationGameUITests */,
			);
			path = macOS;
			sourceTree = "<group>";
		};
		55B64A7626F3804400944766 /* iOS */ = {
			isa = PBXGroup;
			children = (
				55B64A4326F37FD300944766 /* iVaccination */,
				55B64A5D26F37FD500944766 /* iVaccinationTests */,
				55B64A6726F37FD500944766 /* iVaccinationUITests */,
			);
			path = iOS;
			sourceTree = "<group>";
		};
		55B64A7B26F3A37F00944766 /* Apple */ = {
			isa = PBXGroup;
			children = (
				55B64A7C26F3A3A300944766 /* GameCenterHelper.swift */,
				55B64A7E26F3A43E00944766 /* GameCenterHelperExt.swift */,
			);
			path = Apple;
			sourceTree = "<group>";
		};
		55B64A8626F4C32B00944766 /* Shared */ = {
			isa = PBXGroup;
			children = (
				55C83EFE26FC664400F42F53 /* iVaccinationGame */,
			);
			path = Shared;
			sourceTree = "<group>";
		};
		55C83EFE26FC664400F42F53 /* iVaccinationGame */ = {
			isa = PBXGroup;
			children = (
				55C83F2326FC6A0F00F42F53 /* Libs */,
				55B64A7B26F3A37F00944766 /* Apple */,
				55C83EFF26FC664C00F42F53 /* SpriteKit */,
			);
			path = iVaccinationGame;
			sourceTree = "<group>";
		};
		55C83EFF26FC664C00F42F53 /* SpriteKit */ = {
			isa = PBXGroup;
			children = (
				55B64A2F26F3463F00944766 /* Particles */,
				55A579C626F50F200084239D /* Levels */,
				55C83F0926FC66CD00F42F53 /* Base */,
				55A579B926F4F8810084239D /* Nodes */,
				55B64A2E26F3462E00944766 /* Scenes */,
			);
			path = SpriteKit;
			sourceTree = "<group>";
		};
		55C83F0926FC66CD00F42F53 /* Base */ = {
			isa = PBXGroup;
			children = (
				55C83F2A26FC75E600F42F53 /* GameSceneBase.swift */,
			);
			path = Base;
			sourceTree = "<group>";
		};
		55C83F2326FC6A0F00F42F53 /* Libs */ = {
			isa = PBXGroup;
			children = (
				55B64A3A26F3602C00944766 /* GameVars.swift */,
			);
			path = Libs;
			sourceTree = "<group>";
		};
/* End PBXGroup section */

/* Begin PBXNativeTarget section */
		554E531626EFAD4300371E58 /* iVaccinationGame */ = {
			isa = PBXNativeTarget;
			buildConfigurationList = 554E534126EFAD4400371E58 /* Build configuration list for PBXNativeTarget "iVaccinationGame" */;
			buildPhases = (
				554E531326EFAD4300371E58 /* Sources */,
				554E531426EFAD4300371E58 /* Frameworks */,
				554E531526EFAD4300371E58 /* Resources */,
			);
			buildRules = (
			);
			dependencies = (
			);
			name = iVaccinationGame;
			productName = iVaccinationGame;
			productReference = 554E531726EFAD4300371E58 /* iVaccinationGame.app */;
			productType = "com.apple.product-type.application";
		};
		554E532C26EFAD4400371E58 /* iVaccinationGameTests */ = {
			isa = PBXNativeTarget;
			buildConfigurationList = 554E534426EFAD4400371E58 /* Build configuration list for PBXNativeTarget "iVaccinationGameTests" */;
			buildPhases = (
				554E532926EFAD4400371E58 /* Sources */,
				554E532A26EFAD4400371E58 /* Frameworks */,
				554E532B26EFAD4400371E58 /* Resources */,
			);
			buildRules = (
			);
			dependencies = (
				554E532F26EFAD4400371E58 /* PBXTargetDependency */,
			);
			name = iVaccinationGameTests;
			productName = iVaccinationGameTests;
			productReference = 554E532D26EFAD4400371E58 /* iVaccinationGameTests.xctest */;
			productType = "com.apple.product-type.bundle.unit-test";
		};
		554E533626EFAD4400371E58 /* iVaccinationGameUITests */ = {
			isa = PBXNativeTarget;
			buildConfigurationList = 554E534726EFAD4400371E58 /* Build configuration list for PBXNativeTarget "iVaccinationGameUITests" */;
			buildPhases = (
				554E533326EFAD4400371E58 /* Sources */,
				554E533426EFAD4400371E58 /* Frameworks */,
				554E533526EFAD4400371E58 /* Resources */,
			);
			buildRules = (
			);
			dependencies = (
				554E533926EFAD4400371E58 /* PBXTargetDependency */,
			);
			name = iVaccinationGameUITests;
			productName = iVaccinationGameUITests;
			productReference = 554E533726EFAD4400371E58 /* iVaccinationGameUITests.xctest */;
			productType = "com.apple.product-type.bundle.ui-testing";
		};
		55B64A4126F37FD300944766 /* iVaccination */ = {
			isa = PBXNativeTarget;
			buildConfigurationList = 55B64A6C26F37FD500944766 /* Build configuration list for PBXNativeTarget "iVaccination" */;
			buildPhases = (
				55B64A3E26F37FD300944766 /* Sources */,
				55B64A3F26F37FD300944766 /* Frameworks */,
				55B64A4026F37FD300944766 /* Resources */,
			);
			buildRules = (
			);
			dependencies = (
			);
			name = iVaccination;
			productName = iVaccination;
			productReference = 55B64A4226F37FD300944766 /* iVaccinationGame.app */;
			productType = "com.apple.product-type.application";
		};
		55B64A5926F37FD500944766 /* iVaccinationTests */ = {
			isa = PBXNativeTarget;
			buildConfigurationList = 55B64A6F26F37FD500944766 /* Build configuration list for PBXNativeTarget "iVaccinationTests" */;
			buildPhases = (
				55B64A5626F37FD500944766 /* Sources */,
				55B64A5726F37FD500944766 /* Frameworks */,
				55B64A5826F37FD500944766 /* Resources */,
			);
			buildRules = (
			);
			dependencies = (
				55B64A5C26F37FD500944766 /* PBXTargetDependency */,
			);
			name = iVaccinationTests;
			productName = iVaccinationTests;
			productReference = 55B64A5A26F37FD500944766 /* iVaccinationTests.xctest */;
			productType = "com.apple.product-type.bundle.unit-test";
		};
		55B64A6326F37FD500944766 /* iVaccinationUITests */ = {
			isa = PBXNativeTarget;
			buildConfigurationList = 55B64A7226F37FD500944766 /* Build configuration list for PBXNativeTarget "iVaccinationUITests" */;
			buildPhases = (
				55B64A6026F37FD500944766 /* Sources */,
				55B64A6126F37FD500944766 /* Frameworks */,
				55B64A6226F37FD500944766 /* Resources */,
			);
			buildRules = (
			);
			dependencies = (
				55B64A6626F37FD500944766 /* PBXTargetDependency */,
			);
			name = iVaccinationUITests;
			productName = iVaccinationUITests;
			productReference = 55B64A6426F37FD500944766 /* iVaccinationUITests.xctest */;
			productType = "com.apple.product-type.bundle.ui-testing";
		};
/* End PBXNativeTarget section */

/* Begin PBXProject section */
		554E530F26EFAD4300371E58 /* Project object */ = {
			isa = PBXProject;
			attributes = {
				BuildIndependentTargetsInParallel = 1;
				LastSwiftUpdateCheck = 1300;
				LastUpgradeCheck = 1300;
				TargetAttributes = {
					554E531626EFAD4300371E58 = {
						CreatedOnToolsVersion = 13.0;
					};
					554E532C26EFAD4400371E58 = {
						CreatedOnToolsVersion = 13.0;
						TestTargetID = 554E531626EFAD4300371E58;
					};
					554E533626EFAD4400371E58 = {
						CreatedOnToolsVersion = 13.0;
						TestTargetID = 554E531626EFAD4300371E58;
					};
					55B64A4126F37FD300944766 = {
						CreatedOnToolsVersion = 13.0;
					};
					55B64A5926F37FD500944766 = {
						CreatedOnToolsVersion = 13.0;
						TestTargetID = 55B64A4126F37FD300944766;
					};
					55B64A6326F37FD500944766 = {
						CreatedOnToolsVersion = 13.0;
						TestTargetID = 55B64A4126F37FD300944766;
					};
				};
			};
			buildConfigurationList = 554E531226EFAD4300371E58 /* Build configuration list for PBXProject "iVaccinationGame" */;
			compatibilityVersion = "Xcode 13.0";
			developmentRegion = en;
			hasScannedForEncodings = 0;
			knownRegions = (
				en,
				Base,
			);
			mainGroup = 554E530E26EFAD4300371E58;
			productRefGroup = 554E531826EFAD4300371E58 /* Products */;
			projectDirPath = "";
			projectRoot = "";
			targets = (
				554E531626EFAD4300371E58 /* iVaccinationGame */,
				554E532C26EFAD4400371E58 /* iVaccinationGameTests */,
				554E533626EFAD4400371E58 /* iVaccinationGameUITests */,
				55B64A4126F37FD300944766 /* iVaccination */,
				55B64A5926F37FD500944766 /* iVaccinationTests */,
				55B64A6326F37FD500944766 /* iVaccinationUITests */,
			);
		};
/* End PBXProject section */

/* Begin PBXResourcesBuildPhase section */
		554E531526EFAD4300371E58 /* Resources */ = {
			isa = PBXResourcesBuildPhase;
			buildActionMask = 2147483647;
			files = (
				55A579B826F4D1800084239D /* Upward2Particles.sks in Resources */,
				5552BFA726F264130034C812 /* MagicParticle.sks in Resources */,
				554E531D26EFAD4300371E58 /* GameScene.sks in Resources */,
				55A579D026F6464F0084239D /* GameScene_TEST.sks in Resources */,
				55C83EF426FB91A900F42F53 /* GameScene_THIRD.sks in Resources */,
				55C83EFA26FB9CF600F42F53 /* MeadowRightActions.sks in Resources */,
				554E532526EFAD4400371E58 /* Assets.xcassets in Resources */,
				55C83EF626FB942200F42F53 /* MeadowLeftActions.sks in Resources */,
				554E531F26EFAD4300371E58 /* Actions.sks in Resources */,
				55B64A8526F3CEAE00944766 /* CH_first_red.png in Resources */,
				55B64A7926F3831D00944766 /* UpwardParticles.sks in Resources */,
				55B64A3526F3577D00944766 /* SettingsViewController.xib in Resources */,
				554E535226EFB60600371E58 /* Media.scnassets in Resources */,
				55C83EF826FB9B4600F42F53 /* GameScene_THIRD_alz.sks in Resources */,
				5552BFAB26F298F70034C812 /* Credits in Resources */,
				554E532826EFAD4400371E58 /* Main.storyboard in Resources */,
				55B64A3126F3467200944766 /* MenuScene.sks in Resources */,
				554E534B26EFB34E00371E58 /* CH_first.png in Resources */,
				55A579CE26F646480084239D /* GameScene_ORIG.sks in Resources */,
			);
			runOnlyForDeploymentPostprocessing = 0;
		};
		554E532B26EFAD4400371E58 /* Resources */ = {
			isa = PBXResourcesBuildPhase;
			buildActionMask = 2147483647;
			files = (
			);
			runOnlyForDeploymentPostprocessing = 0;
		};
		554E533526EFAD4400371E58 /* Resources */ = {
			isa = PBXResourcesBuildPhase;
			buildActionMask = 2147483647;
			files = (
			);
			runOnlyForDeploymentPostprocessing = 0;
		};
		55B64A4026F37FD300944766 /* Resources */ = {
			isa = PBXResourcesBuildPhase;
			buildActionMask = 2147483647;
			files = (
				55B64A5026F37FD400944766 /* Main.storyboard in Resources */,
				55C83F0026FC666500F42F53 /* MeadowRightActions.sks in Resources */,
				55C83F0426FC666500F42F53 /* GameScene_ORIG.sks in Resources */,
				55C83F0526FC666500F42F53 /* Actions.sks in Resources */,
				55C83F2926FC719300F42F53 /* Media.scnassets in Resources */,
				55C83F0626FC666500F42F53 /* MeadowLeftActions.sks in Resources */,
				55C83F0826FC666500F42F53 /* GameScene_THIRD.sks in Resources */,
				55C83F0326FC666500F42F53 /* GameScene_THIRD_alz.sks in Resources */,
				55C83F0C26FC673000F42F53 /* Upward2Particles.sks in Resources */,
				55B64A5526F37FD500944766 /* LaunchScreen.storyboard in Resources */,
				55C83F0126FC666500F42F53 /* GameScene_TEST.sks in Resources */,
				55B64A8726F4C34000944766 /* Assets.xcassets in Resources */,
				55C83F0726FC666500F42F53 /* GameScene.sks in Resources */,
				55C83F0D26FC673000F42F53 /* UpwardParticles.sks in Resources */,
				55C83F0B26FC673000F42F53 /* MagicParticle.sks in Resources */,
				55C83F0226FC666500F42F53 /* MenuScene.sks in Resources */,
			);
			runOnlyForDeploymentPostprocessing = 0;
		};
		55B64A5826F37FD500944766 /* Resources */ = {
			isa = PBXResourcesBuildPhase;
			buildActionMask = 2147483647;
			files = (
			);
			runOnlyForDeploymentPostprocessing = 0;
		};
		55B64A6226F37FD500944766 /* Resources */ = {
			isa = PBXResourcesBuildPhase;
			buildActionMask = 2147483647;
			files = (
			);
			runOnlyForDeploymentPostprocessing = 0;
		};
/* End PBXResourcesBuildPhase section */

/* Begin PBXSourcesBuildPhase section */
		554E531326EFAD4300371E58 /* Sources */ = {
			isa = PBXSourcesBuildPhase;
			buildActionMask = 2147483647;
			files = (
				554E532326EFAD4300371E58 /* ViewController.swift in Sources */,
				55B64A3D26F3716000944766 /* CustomProgressBar.swift in Sources */,
				556FBE7F26F7032B00F8081C /* AlertBox.swift in Sources */,
				55C83EFC26FBB12400F42F53 /* ZombieGirl.swift in Sources */,
				55A579BD26F4FD950084239D /* BasePickupNode.swift in Sources */,
				55B64A7F26F3A43E00944766 /* GameCenterHelperExt.swift in Sources */,
				55A579C126F507A10084239D /* SKViewExt.swift in Sources */,
				5552BFA926F26ABE0034C812 /* TimeInterval.swift in Sources */,
				55B64A3326F3474900944766 /* MenuScene.swift in Sources */,
				55C83EF226FB250E00F42F53 /* ThirdLevel.swift in Sources */,
				55B64A7D26F3A3A300944766 /* GameCenterHelper.swift in Sources */,
				55A579CC26F644080084239D /* SecondLevel.swift in Sources */,
				55C83F2B26FC75E600F42F53 /* GameSceneBase.swift in Sources */,
				556FBE8126F77A6C00F8081C /* BasePath.swift in Sources */,
				55B64A8326F3AB8700944766 /* UserDefaultsHelper.swift in Sources */,
				554E532126EFAD4300371E58 /* GameScene.swift in Sources */,
				55A579D326F64D1B0084239D /* CGFloatValueTransformer.swift in Sources */,
				554E531B26EFAD4300371E58 /* AppDelegate.swift in Sources */,
				556FBE8326F7858D00F8081C /* KeyboardHandler.swift in Sources */,
				55B64A3926F35E7600944766 /* SoundManager.swift in Sources */,
				55B64A3726F3579600944766 /* SettingsViewController.swift in Sources */,
				55A579C826F5C5EC0084239D /* FirstLevel.swift in Sources */,
				55A579CA26F638610084239D /* BaseLevel.swift in Sources */,
				55A579BF26F4FEFF0084239D /* SyringePickup.swift in Sources */,
				55A579C326F507DF0084239D /* SKSpriteNodeExt.swift in Sources */,
				55B64A3B26F3602C00944766 /* GameVars.swift in Sources */,
				55A579BB26F4F89D0084239D /* MedKitPickup.swift in Sources */,
			);
			runOnlyForDeploymentPostprocessing = 0;
		};
		554E532926EFAD4400371E58 /* Sources */ = {
			isa = PBXSourcesBuildPhase;
			buildActionMask = 2147483647;
			files = (
				554E533226EFAD4400371E58 /* iVaccinationGameTests.swift in Sources */,
			);
			runOnlyForDeploymentPostprocessing = 0;
		};
		554E533326EFAD4400371E58 /* Sources */ = {
			isa = PBXSourcesBuildPhase;
			buildActionMask = 2147483647;
			files = (
				554E533E26EFAD4400371E58 /* iVaccinationGameUITestsLaunchTests.swift in Sources */,
				554E533C26EFAD4400371E58 /* iVaccinationGameUITests.swift in Sources */,
			);
			runOnlyForDeploymentPostprocessing = 0;
		};
		55B64A3E26F37FD300944766 /* Sources */ = {
			isa = PBXSourcesBuildPhase;
			buildActionMask = 2147483647;
			files = (
				55C83F1E26FC675500F42F53 /* TimeInterval.swift in Sources */,
				55C83F2C26FC75E600F42F53 /* GameSceneBase.swift in Sources */,
				55C83F1226FC673D00F42F53 /* BaseLevel.swift in Sources */,
				55B64A4D26F37FD400944766 /* GameViewController.swift in Sources */,
				55C83F2D26FC819E00F42F53 /* GameCenterHelper.swift in Sources */,
				55C83F2E26FC819E00F42F53 /* GameCenterHelperExt.swift in Sources */,
				55C83F2126FC689A00F42F53 /* ZombieGirl.swift in Sources */,
				55C83F2226FC6A0400F42F53 /* GameVars.swift in Sources */,
				55C83F2526FC6B2800F42F53 /* BasePickupNode.swift in Sources */,
				55C83F1D26FC675500F42F53 /* SKSpriteNodeExt.swift in Sources */,
				55C83F1026FC673D00F42F53 /* ThirdLevel.swift in Sources */,
				55B64A4526F37FD400944766 /* AppDelegate.swift in Sources */,
				55C83F2726FC6BB500F42F53 /* CustomProgressBar.swift in Sources */,
				55C83F1426FC673D00F42F53 /* BasePath.swift in Sources */,
				55C83F2026FC680C00F42F53 /* GameScene.swift in Sources */,
				55C83F2626FC6B2A00F42F53 /* SyringePickup.swift in Sources */,
				55C83F1A26FC675100F42F53 /* UserDefaultsHelper.swift in Sources */,
				55C83F2426FC6B2500F42F53 /* MedKitPickup.swift in Sources */,
				55C83F1126FC673D00F42F53 /* SecondLevel.swift in Sources */,
				55C83F1326FC673D00F42F53 /* FirstLevel.swift in Sources */,
				55C83F2826FC712000F42F53 /* SoundManager.swift in Sources */,
			);
			runOnlyForDeploymentPostprocessing = 0;
		};
		55B64A5626F37FD500944766 /* Sources */ = {
			isa = PBXSourcesBuildPhase;
			buildActionMask = 2147483647;
			files = (
				55B64A5F26F37FD500944766 /* iVaccinationTests.swift in Sources */,
			);
			runOnlyForDeploymentPostprocessing = 0;
		};
		55B64A6026F37FD500944766 /* Sources */ = {
			isa = PBXSourcesBuildPhase;
			buildActionMask = 2147483647;
			files = (
				55B64A6B26F37FD500944766 /* iVaccinationUITestsLaunchTests.swift in Sources */,
				55B64A6926F37FD500944766 /* iVaccinationUITests.swift in Sources */,
			);
			runOnlyForDeploymentPostprocessing = 0;
		};
/* End PBXSourcesBuildPhase section */

/* Begin PBXTargetDependency section */
		554E532F26EFAD4400371E58 /* PBXTargetDependency */ = {
			isa = PBXTargetDependency;
			target = 554E531626EFAD4300371E58 /* iVaccinationGame */;
			targetProxy = 554E532E26EFAD4400371E58 /* PBXContainerItemProxy */;
		};
		554E533926EFAD4400371E58 /* PBXTargetDependency */ = {
			isa = PBXTargetDependency;
			target = 554E531626EFAD4300371E58 /* iVaccinationGame */;
			targetProxy = 554E533826EFAD4400371E58 /* PBXContainerItemProxy */;
		};
		55B64A5C26F37FD500944766 /* PBXTargetDependency */ = {
			isa = PBXTargetDependency;
			target = 55B64A4126F37FD300944766 /* iVaccination */;
			targetProxy = 55B64A5B26F37FD500944766 /* PBXContainerItemProxy */;
		};
		55B64A6626F37FD500944766 /* PBXTargetDependency */ = {
			isa = PBXTargetDependency;
			target = 55B64A4126F37FD300944766 /* iVaccination */;
			targetProxy = 55B64A6526F37FD500944766 /* PBXContainerItemProxy */;
		};
/* End PBXTargetDependency section */

/* Begin PBXVariantGroup section */
		554E532626EFAD4400371E58 /* Main.storyboard */ = {
			isa = PBXVariantGroup;
			children = (
				554E532726EFAD4400371E58 /* Base */,
			);
			name = Main.storyboard;
			sourceTree = "<group>";
		};
		55B64A4E26F37FD400944766 /* Main.storyboard */ = {
			isa = PBXVariantGroup;
			children = (
				55B64A4F26F37FD400944766 /* Base */,
			);
			name = Main.storyboard;
			sourceTree = "<group>";
		};
		55B64A5326F37FD500944766 /* LaunchScreen.storyboard */ = {
			isa = PBXVariantGroup;
			children = (
				55B64A5426F37FD500944766 /* Base */,
			);
			name = LaunchScreen.storyboard;
			sourceTree = "<group>";
		};
/* End PBXVariantGroup section */

/* Begin XCBuildConfiguration section */
		554E533F26EFAD4400371E58 /* Debug */ = {
			isa = XCBuildConfiguration;
			buildSettings = {
				ALWAYS_SEARCH_USER_PATHS = NO;
				CLANG_ANALYZER_NONNULL = YES;
				CLANG_ANALYZER_NUMBER_OBJECT_CONVERSION = YES_AGGRESSIVE;
				CLANG_CXX_LANGUAGE_STANDARD = "gnu++17";
				CLANG_CXX_LIBRARY = "libc++";
				CLANG_ENABLE_MODULES = YES;
				CLANG_ENABLE_OBJC_ARC = YES;
				CLANG_ENABLE_OBJC_WEAK = YES;
				CLANG_WARN_BLOCK_CAPTURE_AUTORELEASING = YES;
				CLANG_WARN_BOOL_CONVERSION = YES;
				CLANG_WARN_COMMA = YES;
				CLANG_WARN_CONSTANT_CONVERSION = YES;
				CLANG_WARN_DEPRECATED_OBJC_IMPLEMENTATIONS = YES;
				CLANG_WARN_DIRECT_OBJC_ISA_USAGE = YES_ERROR;
				CLANG_WARN_DOCUMENTATION_COMMENTS = YES;
				CLANG_WARN_EMPTY_BODY = YES;
				CLANG_WARN_ENUM_CONVERSION = YES;
				CLANG_WARN_INFINITE_RECURSION = YES;
				CLANG_WARN_INT_CONVERSION = YES;
				CLANG_WARN_NON_LITERAL_NULL_CONVERSION = YES;
				CLANG_WARN_OBJC_IMPLICIT_RETAIN_SELF = YES;
				CLANG_WARN_OBJC_LITERAL_CONVERSION = YES;
				CLANG_WARN_OBJC_ROOT_CLASS = YES_ERROR;
				CLANG_WARN_QUOTED_INCLUDE_IN_FRAMEWORK_HEADER = YES;
				CLANG_WARN_RANGE_LOOP_ANALYSIS = YES;
				CLANG_WARN_STRICT_PROTOTYPES = YES;
				CLANG_WARN_SUSPICIOUS_MOVE = YES;
				CLANG_WARN_UNGUARDED_AVAILABILITY = YES_AGGRESSIVE;
				CLANG_WARN_UNREACHABLE_CODE = YES;
				CLANG_WARN__DUPLICATE_METHOD_MATCH = YES;
				COPY_PHASE_STRIP = NO;
				DEBUG_INFORMATION_FORMAT = dwarf;
				ENABLE_STRICT_OBJC_MSGSEND = YES;
				ENABLE_TESTABILITY = YES;
				GCC_C_LANGUAGE_STANDARD = gnu11;
				GCC_DYNAMIC_NO_PIC = NO;
				GCC_NO_COMMON_BLOCKS = YES;
				GCC_OPTIMIZATION_LEVEL = 0;
				GCC_PREPROCESSOR_DEFINITIONS = (
					"DEBUG=1",
					"$(inherited)",
				);
				GCC_WARN_64_TO_32_BIT_CONVERSION = YES;
				GCC_WARN_ABOUT_RETURN_TYPE = YES_ERROR;
				GCC_WARN_UNDECLARED_SELECTOR = YES;
				GCC_WARN_UNINITIALIZED_AUTOS = YES_AGGRESSIVE;
				GCC_WARN_UNUSED_FUNCTION = YES;
				GCC_WARN_UNUSED_VARIABLE = YES;
				MACOSX_DEPLOYMENT_TARGET = 11.5;
				MTL_ENABLE_DEBUG_INFO = INCLUDE_SOURCE;
				MTL_FAST_MATH = YES;
				ONLY_ACTIVE_ARCH = YES;
				SDKROOT = macosx;
				SWIFT_ACTIVE_COMPILATION_CONDITIONS = DEBUG;
				SWIFT_OPTIMIZATION_LEVEL = "-Onone";
			};
			name = Debug;
		};
		554E534026EFAD4400371E58 /* Release */ = {
			isa = XCBuildConfiguration;
			buildSettings = {
				ALWAYS_SEARCH_USER_PATHS = NO;
				CLANG_ANALYZER_NONNULL = YES;
				CLANG_ANALYZER_NUMBER_OBJECT_CONVERSION = YES_AGGRESSIVE;
				CLANG_CXX_LANGUAGE_STANDARD = "gnu++17";
				CLANG_CXX_LIBRARY = "libc++";
				CLANG_ENABLE_MODULES = YES;
				CLANG_ENABLE_OBJC_ARC = YES;
				CLANG_ENABLE_OBJC_WEAK = YES;
				CLANG_WARN_BLOCK_CAPTURE_AUTORELEASING = YES;
				CLANG_WARN_BOOL_CONVERSION = YES;
				CLANG_WARN_COMMA = YES;
				CLANG_WARN_CONSTANT_CONVERSION = YES;
				CLANG_WARN_DEPRECATED_OBJC_IMPLEMENTATIONS = YES;
				CLANG_WARN_DIRECT_OBJC_ISA_USAGE = YES_ERROR;
				CLANG_WARN_DOCUMENTATION_COMMENTS = YES;
				CLANG_WARN_EMPTY_BODY = YES;
				CLANG_WARN_ENUM_CONVERSION = YES;
				CLANG_WARN_INFINITE_RECURSION = YES;
				CLANG_WARN_INT_CONVERSION = YES;
				CLANG_WARN_NON_LITERAL_NULL_CONVERSION = YES;
				CLANG_WARN_OBJC_IMPLICIT_RETAIN_SELF = YES;
				CLANG_WARN_OBJC_LITERAL_CONVERSION = YES;
				CLANG_WARN_OBJC_ROOT_CLASS = YES_ERROR;
				CLANG_WARN_QUOTED_INCLUDE_IN_FRAMEWORK_HEADER = YES;
				CLANG_WARN_RANGE_LOOP_ANALYSIS = YES;
				CLANG_WARN_STRICT_PROTOTYPES = YES;
				CLANG_WARN_SUSPICIOUS_MOVE = YES;
				CLANG_WARN_UNGUARDED_AVAILABILITY = YES_AGGRESSIVE;
				CLANG_WARN_UNREACHABLE_CODE = YES;
				CLANG_WARN__DUPLICATE_METHOD_MATCH = YES;
				COPY_PHASE_STRIP = NO;
				DEBUG_INFORMATION_FORMAT = "dwarf-with-dsym";
				ENABLE_NS_ASSERTIONS = NO;
				ENABLE_STRICT_OBJC_MSGSEND = YES;
				GCC_C_LANGUAGE_STANDARD = gnu11;
				GCC_NO_COMMON_BLOCKS = YES;
				GCC_WARN_64_TO_32_BIT_CONVERSION = YES;
				GCC_WARN_ABOUT_RETURN_TYPE = YES_ERROR;
				GCC_WARN_UNDECLARED_SELECTOR = YES;
				GCC_WARN_UNINITIALIZED_AUTOS = YES_AGGRESSIVE;
				GCC_WARN_UNUSED_FUNCTION = YES;
				GCC_WARN_UNUSED_VARIABLE = YES;
				MACOSX_DEPLOYMENT_TARGET = 11.5;
				MTL_ENABLE_DEBUG_INFO = NO;
				MTL_FAST_MATH = YES;
				SDKROOT = macosx;
				SWIFT_COMPILATION_MODE = wholemodule;
				SWIFT_OPTIMIZATION_LEVEL = "-O";
			};
			name = Release;
		};
		554E534226EFAD4400371E58 /* Debug */ = {
			isa = XCBuildConfiguration;
			buildSettings = {
				ASSETCATALOG_COMPILER_APPICON_NAME = AppIcon;
				ASSETCATALOG_COMPILER_GLOBAL_ACCENT_COLOR_NAME = AccentColor;
				ASSETCATALOG_COMPILER_INCLUDE_ALL_APPICON_ASSETS = YES;
				CODE_SIGN_IDENTITY = "Apple Development";
				CODE_SIGN_STYLE = Automatic;
				COMBINE_HIDPI_IMAGES = YES;
				CURRENT_PROJECT_VERSION = 1;
				DEVELOPMENT_TEAM = PB7SHXTJHG;
				ENABLE_APP_SANDBOX = YES;
				ENABLE_HARDENED_RUNTIME = YES;
				ENABLE_USER_SELECTED_FILES = readonly;
				GENERATE_INFOPLIST_FILE = YES;
				INFOPLIST_KEY_LSApplicationCategoryType = "public.app-category.kids-games";
				INFOPLIST_KEY_NSHumanReadableCopyright = "";
				INFOPLIST_KEY_NSMainStoryboardFile = Main;
				INFOPLIST_KEY_NSPrincipalClass = NSApplication;
				LD_RUNPATH_SEARCH_PATHS = (
					"$(inherited)",
					"@executable_path/../Frameworks",
				);
				MARKETING_VERSION = 0.0.1;
				PRODUCT_BUNDLE_IDENTIFIER = ch.kimhauser.swift.ivaccinationgame;
				PRODUCT_NAME = "$(TARGET_NAME)";
				PROVISIONING_PROFILE_SPECIFIER = "";
				SWIFT_EMIT_LOC_STRINGS = YES;
				SWIFT_VERSION = 5.0;
			};
			name = Debug;
		};
		554E534326EFAD4400371E58 /* Release */ = {
			isa = XCBuildConfiguration;
			buildSettings = {
				ASSETCATALOG_COMPILER_APPICON_NAME = AppIcon;
				ASSETCATALOG_COMPILER_GLOBAL_ACCENT_COLOR_NAME = AccentColor;
				ASSETCATALOG_COMPILER_INCLUDE_ALL_APPICON_ASSETS = YES;
				CODE_SIGN_IDENTITY = "Apple Development";
				CODE_SIGN_STYLE = Automatic;
				COMBINE_HIDPI_IMAGES = YES;
				CURRENT_PROJECT_VERSION = 1;
				DEVELOPMENT_TEAM = PB7SHXTJHG;
				ENABLE_APP_SANDBOX = YES;
				ENABLE_HARDENED_RUNTIME = YES;
				ENABLE_USER_SELECTED_FILES = readonly;
				GENERATE_INFOPLIST_FILE = YES;
				INFOPLIST_KEY_LSApplicationCategoryType = "public.app-category.kids-games";
				INFOPLIST_KEY_NSHumanReadableCopyright = "";
				INFOPLIST_KEY_NSMainStoryboardFile = Main;
				INFOPLIST_KEY_NSPrincipalClass = NSApplication;
				LD_RUNPATH_SEARCH_PATHS = (
					"$(inherited)",
					"@executable_path/../Frameworks",
				);
				MARKETING_VERSION = 0.0.1;
				PRODUCT_BUNDLE_IDENTIFIER = ch.kimhauser.swift.ivaccinationgame;
				PRODUCT_NAME = "$(TARGET_NAME)";
				PROVISIONING_PROFILE_SPECIFIER = "";
				SWIFT_EMIT_LOC_STRINGS = YES;
				SWIFT_VERSION = 5.0;
			};
			name = Release;
		};
		554E534526EFAD4400371E58 /* Debug */ = {
			isa = XCBuildConfiguration;
			buildSettings = {
				ALWAYS_EMBED_SWIFT_STANDARD_LIBRARIES = YES;
				BUNDLE_LOADER = "$(TEST_HOST)";
				CODE_SIGN_STYLE = Automatic;
				COMBINE_HIDPI_IMAGES = YES;
				CURRENT_PROJECT_VERSION = 1;
				DEVELOPMENT_TEAM = PB7SHXTJHG;
				GENERATE_INFOPLIST_FILE = YES;
				LD_RUNPATH_SEARCH_PATHS = (
					"$(inherited)",
					"@executable_path/../Frameworks",
					"@loader_path/../Frameworks",
				);
				MACOSX_DEPLOYMENT_TARGET = 11.5;
				MARKETING_VERSION = 1.0;
				PRODUCT_BUNDLE_IDENTIFIER = ch.kimhauser.macos.iVaccinationGameTests;
				PRODUCT_NAME = "$(TARGET_NAME)";
				SWIFT_EMIT_LOC_STRINGS = NO;
				SWIFT_VERSION = 5.0;
				TEST_HOST = "$(BUILT_PRODUCTS_DIR)/iVaccinationGame.app/Contents/MacOS/iVaccinationGame";
			};
			name = Debug;
		};
		554E534626EFAD4400371E58 /* Release */ = {
			isa = XCBuildConfiguration;
			buildSettings = {
				ALWAYS_EMBED_SWIFT_STANDARD_LIBRARIES = YES;
				BUNDLE_LOADER = "$(TEST_HOST)";
				CODE_SIGN_STYLE = Automatic;
				COMBINE_HIDPI_IMAGES = YES;
				CURRENT_PROJECT_VERSION = 1;
				DEVELOPMENT_TEAM = PB7SHXTJHG;
				GENERATE_INFOPLIST_FILE = YES;
				LD_RUNPATH_SEARCH_PATHS = (
					"$(inherited)",
					"@executable_path/../Frameworks",
					"@loader_path/../Frameworks",
				);
				MACOSX_DEPLOYMENT_TARGET = 11.5;
				MARKETING_VERSION = 1.0;
				PRODUCT_BUNDLE_IDENTIFIER = ch.kimhauser.macos.iVaccinationGameTests;
				PRODUCT_NAME = "$(TARGET_NAME)";
				SWIFT_EMIT_LOC_STRINGS = NO;
				SWIFT_VERSION = 5.0;
				TEST_HOST = "$(BUILT_PRODUCTS_DIR)/iVaccinationGame.app/Contents/MacOS/iVaccinationGame";
			};
			name = Release;
		};
		554E534826EFAD4400371E58 /* Debug */ = {
			isa = XCBuildConfiguration;
			buildSettings = {
				ALWAYS_EMBED_SWIFT_STANDARD_LIBRARIES = YES;
				CODE_SIGN_STYLE = Automatic;
				COMBINE_HIDPI_IMAGES = YES;
				CURRENT_PROJECT_VERSION = 1;
				DEVELOPMENT_TEAM = PB7SHXTJHG;
				GENERATE_INFOPLIST_FILE = YES;
				LD_RUNPATH_SEARCH_PATHS = (
					"$(inherited)",
					"@executable_path/../Frameworks",
					"@loader_path/../Frameworks",
				);
				MARKETING_VERSION = 1.0;
				PRODUCT_BUNDLE_IDENTIFIER = ch.kimhauser.macos.iVaccinationGameUITests;
				PRODUCT_NAME = "$(TARGET_NAME)";
				SWIFT_EMIT_LOC_STRINGS = NO;
				SWIFT_VERSION = 5.0;
				TEST_TARGET_NAME = iVaccinationGame;
			};
			name = Debug;
		};
		554E534926EFAD4400371E58 /* Release */ = {
			isa = XCBuildConfiguration;
			buildSettings = {
				ALWAYS_EMBED_SWIFT_STANDARD_LIBRARIES = YES;
				CODE_SIGN_STYLE = Automatic;
				COMBINE_HIDPI_IMAGES = YES;
				CURRENT_PROJECT_VERSION = 1;
				DEVELOPMENT_TEAM = PB7SHXTJHG;
				GENERATE_INFOPLIST_FILE = YES;
				LD_RUNPATH_SEARCH_PATHS = (
					"$(inherited)",
					"@executable_path/../Frameworks",
					"@loader_path/../Frameworks",
				);
				MARKETING_VERSION = 1.0;
				PRODUCT_BUNDLE_IDENTIFIER = ch.kimhauser.macos.iVaccinationGameUITests;
				PRODUCT_NAME = "$(TARGET_NAME)";
				SWIFT_EMIT_LOC_STRINGS = NO;
				SWIFT_VERSION = 5.0;
				TEST_TARGET_NAME = iVaccinationGame;
			};
			name = Release;
		};
		55B64A6D26F37FD500944766 /* Debug */ = {
			isa = XCBuildConfiguration;
			buildSettings = {
				ASSETCATALOG_COMPILER_APPICON_NAME = AppIcon;
				ASSETCATALOG_COMPILER_GLOBAL_ACCENT_COLOR_NAME = AccentColor;
				ASSETCATALOG_COMPILER_INCLUDE_ALL_APPICON_ASSETS = NO;
				CODE_SIGN_STYLE = Automatic;
				CURRENT_PROJECT_VERSION = 1;
				DEVELOPMENT_TEAM = PB7SHXTJHG;
				GENERATE_INFOPLIST_FILE = YES;
				INFOPLIST_KEY_UIApplicationSupportsIndirectInputEvents = YES;
				INFOPLIST_KEY_UILaunchStoryboardName = LaunchScreen;
				INFOPLIST_KEY_UIMainStoryboardFile = Main;
				INFOPLIST_KEY_UIRequiredDeviceCapabilities = gamekit;
				INFOPLIST_KEY_UIRequiresFullScreen = YES;
				INFOPLIST_KEY_UIStatusBarHidden = YES;
				INFOPLIST_KEY_UISupportedInterfaceOrientations = "UIInterfaceOrientationLandscapeLeft UIInterfaceOrientationLandscapeRight";
				INFOPLIST_KEY_UISupportedInterfaceOrientations_iPad = "UIInterfaceOrientationLandscapeLeft UIInterfaceOrientationLandscapeRight";
				INFOPLIST_KEY_UISupportedInterfaceOrientations_iPhone = "UIInterfaceOrientationLandscapeLeft UIInterfaceOrientationLandscapeRight";
				IPHONEOS_DEPLOYMENT_TARGET = 14.0;
				LD_RUNPATH_SEARCH_PATHS = (
					"$(inherited)",
					"@executable_path/Frameworks",
				);
				MARKETING_VERSION = 0.0.1;
				PRODUCT_BUNDLE_IDENTIFIER = ch.kimhauser.ios.iVaccination;
				PRODUCT_NAME = iVaccinationGame;
				SDKROOT = iphoneos;
				SWIFT_EMIT_LOC_STRINGS = YES;
				SWIFT_VERSION = 5.0;
				TARGETED_DEVICE_FAMILY = "1,2";
			};
			name = Debug;
		};
		55B64A6E26F37FD500944766 /* Release */ = {
			isa = XCBuildConfiguration;
			buildSettings = {
				ASSETCATALOG_COMPILER_APPICON_NAME = AppIcon;
				ASSETCATALOG_COMPILER_GLOBAL_ACCENT_COLOR_NAME = AccentColor;
				ASSETCATALOG_COMPILER_INCLUDE_ALL_APPICON_ASSETS = NO;
				CODE_SIGN_STYLE = Automatic;
				CURRENT_PROJECT_VERSION = 1;
				DEVELOPMENT_TEAM = PB7SHXTJHG;
				GENERATE_INFOPLIST_FILE = YES;
				INFOPLIST_KEY_UIApplicationSupportsIndirectInputEvents = YES;
				INFOPLIST_KEY_UILaunchStoryboardName = LaunchScreen;
				INFOPLIST_KEY_UIMainStoryboardFile = Main;
				INFOPLIST_KEY_UIRequiredDeviceCapabilities = gamekit;
				INFOPLIST_KEY_UIRequiresFullScreen = YES;
				INFOPLIST_KEY_UIStatusBarHidden = YES;
				INFOPLIST_KEY_UISupportedInterfaceOrientations = "UIInterfaceOrientationLandscapeLeft UIInterfaceOrientationLandscapeRight";
				INFOPLIST_KEY_UISupportedInterfaceOrientations_iPad = "UIInterfaceOrientationLandscapeLeft UIInterfaceOrientationLandscapeRight";
				INFOPLIST_KEY_UISupportedInterfaceOrientations_iPhone = "UIInterfaceOrientationLandscapeLeft UIInterfaceOrientationLandscapeRight";
				IPHONEOS_DEPLOYMENT_TARGET = 14.0;
				LD_RUNPATH_SEARCH_PATHS = (
					"$(inherited)",
					"@executable_path/Frameworks",
				);
				MARKETING_VERSION = 0.0.1;
				PRODUCT_BUNDLE_IDENTIFIER = ch.kimhauser.ios.iVaccination;
				PRODUCT_NAME = iVaccinationGame;
				SDKROOT = iphoneos;
				SWIFT_EMIT_LOC_STRINGS = YES;
				SWIFT_VERSION = 5.0;
				TARGETED_DEVICE_FAMILY = "1,2";
				VALIDATE_PRODUCT = YES;
			};
			name = Release;
		};
		55B64A7026F37FD500944766 /* Debug */ = {
			isa = XCBuildConfiguration;
			buildSettings = {
				ALWAYS_EMBED_SWIFT_STANDARD_LIBRARIES = YES;
				BUNDLE_LOADER = "$(TEST_HOST)";
				CODE_SIGN_STYLE = Automatic;
				CURRENT_PROJECT_VERSION = 1;
				DEVELOPMENT_TEAM = PB7SHXTJHG;
				GENERATE_INFOPLIST_FILE = YES;
				IPHONEOS_DEPLOYMENT_TARGET = 15.0;
				LD_RUNPATH_SEARCH_PATHS = (
					"$(inherited)",
					"@executable_path/Frameworks",
					"@loader_path/Frameworks",
				);
				MARKETING_VERSION = 1.0;
				PRODUCT_BUNDLE_IDENTIFIER = ch.kimhauser.ios.iVaccinationTests;
				PRODUCT_NAME = "$(TARGET_NAME)";
				SDKROOT = iphoneos;
				SWIFT_EMIT_LOC_STRINGS = NO;
				SWIFT_VERSION = 5.0;
				TARGETED_DEVICE_FAMILY = "1,2";
				TEST_HOST = "$(BUILT_PRODUCTS_DIR)/iVaccination.app/iVaccination";
			};
			name = Debug;
		};
		55B64A7126F37FD500944766 /* Release */ = {
			isa = XCBuildConfiguration;
			buildSettings = {
				ALWAYS_EMBED_SWIFT_STANDARD_LIBRARIES = YES;
				BUNDLE_LOADER = "$(TEST_HOST)";
				CODE_SIGN_STYLE = Automatic;
				CURRENT_PROJECT_VERSION = 1;
				DEVELOPMENT_TEAM = PB7SHXTJHG;
				GENERATE_INFOPLIST_FILE = YES;
				IPHONEOS_DEPLOYMENT_TARGET = 15.0;
				LD_RUNPATH_SEARCH_PATHS = (
					"$(inherited)",
					"@executable_path/Frameworks",
					"@loader_path/Frameworks",
				);
				MARKETING_VERSION = 1.0;
				PRODUCT_BUNDLE_IDENTIFIER = ch.kimhauser.ios.iVaccinationTests;
				PRODUCT_NAME = "$(TARGET_NAME)";
				SDKROOT = iphoneos;
				SWIFT_EMIT_LOC_STRINGS = NO;
				SWIFT_VERSION = 5.0;
				TARGETED_DEVICE_FAMILY = "1,2";
				TEST_HOST = "$(BUILT_PRODUCTS_DIR)/iVaccination.app/iVaccination";
				VALIDATE_PRODUCT = YES;
			};
			name = Release;
		};
		55B64A7326F37FD500944766 /* Debug */ = {
			isa = XCBuildConfiguration;
			buildSettings = {
				ALWAYS_EMBED_SWIFT_STANDARD_LIBRARIES = YES;
				CODE_SIGN_STYLE = Automatic;
				CURRENT_PROJECT_VERSION = 1;
				DEVELOPMENT_TEAM = PB7SHXTJHG;
				GENERATE_INFOPLIST_FILE = YES;
				IPHONEOS_DEPLOYMENT_TARGET = 15.0;
				LD_RUNPATH_SEARCH_PATHS = (
					"$(inherited)",
					"@executable_path/Frameworks",
					"@loader_path/Frameworks",
				);
				MARKETING_VERSION = 1.0;
				PRODUCT_BUNDLE_IDENTIFIER = ch.kimhauser.ios.iVaccinationUITests;
				PRODUCT_NAME = "$(TARGET_NAME)";
				SDKROOT = iphoneos;
				SWIFT_EMIT_LOC_STRINGS = NO;
				SWIFT_VERSION = 5.0;
				TARGETED_DEVICE_FAMILY = "1,2";
				TEST_TARGET_NAME = iVaccination;
			};
			name = Debug;
		};
		55B64A7426F37FD500944766 /* Release */ = {
			isa = XCBuildConfiguration;
			buildSettings = {
				ALWAYS_EMBED_SWIFT_STANDARD_LIBRARIES = YES;
				CODE_SIGN_STYLE = Automatic;
				CURRENT_PROJECT_VERSION = 1;
				DEVELOPMENT_TEAM = PB7SHXTJHG;
				GENERATE_INFOPLIST_FILE = YES;
				IPHONEOS_DEPLOYMENT_TARGET = 15.0;
				LD_RUNPATH_SEARCH_PATHS = (
					"$(inherited)",
					"@executable_path/Frameworks",
					"@loader_path/Frameworks",
				);
				MARKETING_VERSION = 1.0;
				PRODUCT_BUNDLE_IDENTIFIER = ch.kimhauser.ios.iVaccinationUITests;
				PRODUCT_NAME = "$(TARGET_NAME)";
				SDKROOT = iphoneos;
				SWIFT_EMIT_LOC_STRINGS = NO;
				SWIFT_VERSION = 5.0;
				TARGETED_DEVICE_FAMILY = "1,2";
				TEST_TARGET_NAME = iVaccination;
				VALIDATE_PRODUCT = YES;
			};
			name = Release;
		};
/* End XCBuildConfiguration section */

/* Begin XCConfigurationList section */
		554E531226EFAD4300371E58 /* Build configuration list for PBXProject "iVaccinationGame" */ = {
			isa = XCConfigurationList;
			buildConfigurations = (
				554E533F26EFAD4400371E58 /* Debug */,
				554E534026EFAD4400371E58 /* Release */,
			);
			defaultConfigurationIsVisible = 0;
			defaultConfigurationName = Release;
		};
		554E534126EFAD4400371E58 /* Build configuration list for PBXNativeTarget "iVaccinationGame" */ = {
			isa = XCConfigurationList;
			buildConfigurations = (
				554E534226EFAD4400371E58 /* Debug */,
				554E534326EFAD4400371E58 /* Release */,
			);
			defaultConfigurationIsVisible = 0;
			defaultConfigurationName = Release;
		};
		554E534426EFAD4400371E58 /* Build configuration list for PBXNativeTarget "iVaccinationGameTests" */ = {
			isa = XCConfigurationList;
			buildConfigurations = (
				554E534526EFAD4400371E58 /* Debug */,
				554E534626EFAD4400371E58 /* Release */,
			);
			defaultConfigurationIsVisible = 0;
			defaultConfigurationName = Release;
		};
		554E534726EFAD4400371E58 /* Build configuration list for PBXNativeTarget "iVaccinationGameUITests" */ = {
			isa = XCConfigurationList;
			buildConfigurations = (
				554E534826EFAD4400371E58 /* Debug */,
				554E534926EFAD4400371E58 /* Release */,
			);
			defaultConfigurationIsVisible = 0;
			defaultConfigurationName = Release;
		};
		55B64A6C26F37FD500944766 /* Build configuration list for PBXNativeTarget "iVaccination" */ = {
			isa = XCConfigurationList;
			buildConfigurations = (
				55B64A6D26F37FD500944766 /* Debug */,
				55B64A6E26F37FD500944766 /* Release */,
			);
			defaultConfigurationIsVisible = 0;
			defaultConfigurationName = Release;
		};
		55B64A6F26F37FD500944766 /* Build configuration list for PBXNativeTarget "iVaccinationTests" */ = {
			isa = XCConfigurationList;
			buildConfigurations = (
				55B64A7026F37FD500944766 /* Debug */,
				55B64A7126F37FD500944766 /* Release */,
			);
			defaultConfigurationIsVisible = 0;
			defaultConfigurationName = Release;
		};
		55B64A7226F37FD500944766 /* Build configuration list for PBXNativeTarget "iVaccinationUITests" */ = {
			isa = XCConfigurationList;
			buildConfigurations = (
				55B64A7326F37FD500944766 /* Debug */,
				55B64A7426F37FD500944766 /* Release */,
			);
			defaultConfigurationIsVisible = 0;
			defaultConfigurationName = Release;
		};
/* End XCConfigurationList section */
	};
	rootObject = 554E530F26EFAD4300371E58 /* Project object */;
}
